
Microsoft Visual Studio Solution File, Format Version 12.00
# Visual Studio Version 17
VisualStudioVersion = 17.0.32112.339
MinimumVisualStudioVersion = 10.0.40219.1
Project("{FAE04EC0-301F-11D3-BF4B-00C04F79EFBC}") = "Arrays", "Arrays\Arrays.csproj", "{55CDDEFE-6DE0-459B-9633-CB7DAB9774BD}"
EndProject
Global
	GlobalSection(SolutionConfigurationPlatforms) = preSolution
		Debug|Any CPU = Debug|Any CPU
		Release|Any CPU = Release|Any CPU
	EndGlobalSection
	GlobalSection(ProjectConfigurationPlatforms) = postSolution
		{55CDDEFE-6DE0-459B-9633-CB7DAB9774BD}.Debug|Any CPU.ActiveCfg = Debug|Any CPU
		{55CDDEFE-6DE0-459B-9633-CB7DAB9774BD}.Debug|Any CPU.Build.0 = Debug|Any CPU
		{55CDDEFE-6DE0-459B-9633-CB7DAB9774BD}.Release|Any CPU.ActiveCfg = Release|Any CPU
		{55CDDEFE-6DE0-459B-9633-CB7DAB9774BD}.Release|Any CPU.Build.0 = Release|Any CPU
	EndGlobalSection
	GlobalSection(SolutionProperties) = preSolution
		HideSolutionNode = FALSE
	EndGlobalSection
	GlobalSection(ExtensibilityGlobals) = postSolution
		SolutionGuid = {0F6AF888-2D0B-491C-B86E-DE2B5D734B24}
	EndGlobalSection
EndGlobal
