
Microsoft Visual Studio Solution File, Format Version 12.00
# Visual Studio Version 17
VisualStudioVersion = 17.0.32112.339
MinimumVisualStudioVersion = 10.0.40219.1
Project("{FAE04EC0-301F-11D3-BF4B-00C04F79EFBC}") = "Properties", "Properties\Properties.csproj", "{1140252B-14AD-402F-AB54-84B261AE38A3}"
EndProject
Global
	GlobalSection(SolutionConfigurationPlatforms) = preSolution
		Debug|Any CPU = Debug|Any CPU
		Release|Any CPU = Release|Any CPU
	EndGlobalSection
	GlobalSection(ProjectConfigurationPlatforms) = postSolution
		{1140252B-14AD-402F-AB54-84B261AE38A3}.Debug|Any CPU.ActiveCfg = Debug|Any CPU
		{1140252B-14AD-402F-AB54-84B261AE38A3}.Debug|Any CPU.Build.0 = Debug|Any CPU
		{1140252B-14AD-402F-AB54-84B261AE38A3}.Release|Any CPU.ActiveCfg = Release|Any CPU
		{1140252B-14AD-402F-AB54-84B261AE38A3}.Release|Any CPU.Build.0 = Release|Any CPU
	EndGlobalSection
	GlobalSection(SolutionProperties) = preSolution
		HideSolutionNode = FALSE
	EndGlobalSection
	GlobalSection(ExtensibilityGlobals) = postSolution
		SolutionGuid = {56412641-C3BA-4B8F-9F94-F0A2DCFB9BA8}
	EndGlobalSection
EndGlobal
