
Microsoft Visual Studio Solution File, Format Version 12.00
# Visual Studio Version 17
VisualStudioVersion = 17.0.32112.339
MinimumVisualStudioVersion = 10.0.40219.1
Project("{FAE04EC0-301F-11D3-BF4B-00C04F79EFBC}") = "PrimerApp", "PrimerApp\PrimerApp.csproj", "{8619AC21-1785-4263-9FC7-F4D79311310D}"
EndProject
Global
	GlobalSection(SolutionConfigurationPlatforms) = preSolution
		Debug|Any CPU = Debug|Any CPU
		Release|Any CPU = Release|Any CPU
	EndGlobalSection
	GlobalSection(ProjectConfigurationPlatforms) = postSolution
		{8619AC21-1785-4263-9FC7-F4D79311310D}.Debug|Any CPU.ActiveCfg = Debug|Any CPU
		{8619AC21-1785-4263-9FC7-F4D79311310D}.Debug|Any CPU.Build.0 = Debug|Any CPU
		{8619AC21-1785-4263-9FC7-F4D79311310D}.Release|Any CPU.ActiveCfg = Release|Any CPU
		{8619AC21-1785-4263-9FC7-F4D79311310D}.Release|Any CPU.Build.0 = Release|Any CPU
	EndGlobalSection
	GlobalSection(SolutionProperties) = preSolution
		HideSolutionNode = FALSE
	EndGlobalSection
	GlobalSection(ExtensibilityGlobals) = postSolution
		SolutionGuid = {2F57B3DB-2E16-4CFD-BF6E-4BCA49747506}
	EndGlobalSection
EndGlobal
